{
  "originHash" : "55117da06f11acabb15fef9e8eea3e1877d4e3ea1c0114e56628e53d787bbb6b",
  "pins" : [
    {
      "identity" : "papersaver",
      "kind" : "remoteSourceControl",
      "location" : "https://github.com/AerialScreensaver/PaperSaver.git",
      "state" : {
        "revision" : "1f10d1537fdfa2df8165b46572a9de491ce2d084",
        "version" : "0.2.0"
      }
    },
    {
      "identity" : "swift-argument-parser",
      "kind" : "remoteSourceControl",
      "location" : "https://github.com/apple/swift-argument-parser",
      "state" : {
        "revision" : "c5d11a805e765f52ba34ec7284bd4fcd6ba68615",
        "version" : "1.7.0"
      }
    },
    {
      "identity" : "swiftterm",
      "kind" : "remoteSourceControl",
      "location" : "https://github.com/tamirelazar/SwiftTerm",
      "state" : {
        "branch" : "tslime-renderer-patches",
        "revision" : "7a793131b7a9736cc6ffa09fe54a1833ef93f19a"
      }
    }
  ],
  "version" : 3
}
