// !$*UTF8*$!
{
	archiveVersion = 1;
	classes = {
	};
	objectVersion = 56;
	objects = {

/* Begin PBXBuildFile section */
		1A000001000000000000000A /* AppexSaverMinimalApp.swift in Sources */ = {isa = PBXBuildFile; fileRef = 1A000001000000000000000B /* AppexSaverMinimalApp.swift */; };
		1A000002000000000000000A /* ContentView.swift in Sources */ = {isa = PBXBuildFile; fileRef = 1A000002000000000000000B /* ContentView.swift */; };
		1A000003000000000000000A /* AppexSaverMinimalExtension.swift in Sources */ = {isa = PBXBuildFile; fileRef = 1A000003000000000000000B /* AppexSaverMinimalExtension.swift */; };
		1A000004000000000000000A /* AppexSaverMinimalViewController.swift in Sources */ = {isa = PBXBuildFile; fileRef = 1A000004000000000000000B /* AppexSaverMinimalViewController.swift */; };
		1A000099000000000000000A /* LifecycleProbe.swift in Sources */ = {isa = PBXBuildFile; fileRef = 1A000099000000000000000B /* LifecycleProbe.swift */; };
		1A000005000000000000000A /* AppexSaverMinimalView.swift in Sources */ = {isa = PBXBuildFile; fileRef = 1A000005000000000000000B /* AppexSaverMinimalView.swift */; };
		1A000006000000000000000A /* ScreenSaver.framework in Frameworks */ = {isa = PBXBuildFile; fileRef = 1A000006000000000000000B /* ScreenSaver.framework */; };
		1A000007000000000000000A /* AppexSaverMinimalExtension.appex in Embed PlugIns */ = {isa = PBXBuildFile; fileRef = 1A000007000000000000000B /* AppexSaverMinimalExtension.appex */; settings = {ATTRIBUTES = (RemoveHeadersOnCopy, ); }; };
		1A000030000000000000000A /* AppexSaverMinimalConfigurationViewController.swift in Sources */ = {isa = PBXBuildFile; fileRef = 1A000030000000000000000B /* AppexSaverMinimalConfigurationViewController.swift */; };
		1A000031000000000000000A /* Assets.xcassets in Resources */ = {isa = PBXBuildFile; fileRef = 1A000031000000000000000B /* Assets.xcassets */; };
		1A000032000000000000000A /* PluginManager.swift in Sources */ = {isa = PBXBuildFile; fileRef = 1A000032000000000000000B /* PluginManager.swift */; };
		1A000060000000000000000A /* RainbowAnimator.swift in Sources */ = {isa = PBXBuildFile; fileRef = 1A000060000000000000000B /* RainbowAnimator.swift */; };
		1A000061000000000000000A /* RainbowAnimator.swift in Sources */ = {isa = PBXBuildFile; fileRef = 1A000060000000000000000B /* RainbowAnimator.swift */; };
		1A000062000000000000000A /* PreviewView.swift in Sources */ = {isa = PBXBuildFile; fileRef = 1A000062000000000000000B /* PreviewView.swift */; };
		1A000063000000000000000A /* PreviewViewRepresentable.swift in Sources */ = {isa = PBXBuildFile; fileRef = 1A000063000000000000000B /* PreviewViewRepresentable.swift */; };
		1A000066000000000000000A /* Logger.swift in Sources */ = {isa = PBXBuildFile; fileRef = 1A000064000000000000000B /* Logger.swift */; };
		1A000067000000000000000A /* Logger.swift in Sources */ = {isa = PBXBuildFile; fileRef = 1A000064000000000000000B /* Logger.swift */; };
		1A000070000000000000000A /* PaperSaverKit in Frameworks */ = {isa = PBXBuildFile; productRef = 1A000070000000000000000B /* PaperSaverKit */; };
		A1869E39305DB82B009232D9 /* TerminalManager.swift in Sources */ = {isa = PBXBuildFile; fileRef = A1869E38305DB82B009232D9 /* TerminalManager.swift */; };
		A1869E51305DC10A009232D9 /* SaverSettings.swift in Sources */ = {isa = PBXBuildFile; fileRef = A1869E50305DC10A009232D9 /* SaverSettings.swift */; };
		A1869E52305DC10A009232D9 /* SaverSettings.swift in Sources */ = {isa = PBXBuildFile; fileRef = A1869E50305DC10A009232D9 /* SaverSettings.swift */; };
		A1869E3C305DB8E7009232D9 /* SwiftTerm in Frameworks */ = {isa = PBXBuildFile; productRef = A1869E3B305DB8E7009232D9 /* SwiftTerm */; };
		A1869E3D305DB9E4009232D9 /* TerminalManager.swift in Sources */ = {isa = PBXBuildFile; fileRef = A1869E38305DB82B009232D9 /* TerminalManager.swift */; };
		A1869E41305DC022009232D9 /* SwiftTerm in Frameworks */ = {isa = PBXBuildFile; productRef = A1869E40305DC022009232D9 /* SwiftTerm */; };
		A1869E43305DC453009232D9 /* tslime in Resources */ = {isa = PBXBuildFile; fileRef = A1869E42305DC453009232D9 /* tslime */; };
		A1869E44305DC453009232D9 /* tslime in Resources */ = {isa = PBXBuildFile; fileRef = A1869E42305DC453009232D9 /* tslime */; };
		A1869E46305DC4D6009232D9 /* tslime in CopyFiles */ = {isa = PBXBuildFile; fileRef = A1869E42305DC453009232D9 /* tslime */; settings = {ATTRIBUTES = (CodeSignOnCopy, ); }; };
		A1869E48305DD34B009232D9 /* ScreensaverPreviewController.swift in Sources */ = {isa = PBXBuildFile; fileRef = A1869E47305DD34B009232D9 /* ScreensaverPreviewController.swift */; };
		1A000084000000000000000A /* JuliaMono-Bold.ttf in Resources */ = {isa = PBXBuildFile; fileRef = 1A000081000000000000000B /* JuliaMono-Bold.ttf */; };
		1A000086000000000000000A /* JetBrainsMonoNerdFontMono-Regular.ttf in Resources */ = {isa = PBXBuildFile; fileRef = 1A000082000000000000000B /* JetBrainsMonoNerdFontMono-Regular.ttf */; };
		1A000088000000000000000A /* JuliaMono-LICENSE.txt in Resources */ = {isa = PBXBuildFile; fileRef = 1A000083000000000000000B /* JuliaMono-LICENSE.txt */; };
		1A00008B000000000000000A /* JetBrainsMono-OFL.txt in Resources */ = {isa = PBXBuildFile; fileRef = 1A00008A000000000000000B /* JetBrainsMono-OFL.txt */; };
		1A00008C000000000000000A /* BrailleFonts.swift in Sources */ = {isa = PBXBuildFile; fileRef = 1A00008E000000000000000B /* BrailleFonts.swift */; };
		1A00008D000000000000000A /* BrailleFonts.swift in Sources */ = {isa = PBXBuildFile; fileRef = 1A00008E000000000000000B /* BrailleFonts.swift */; };
/* End PBXBuildFile section */

/* Begin PBXContainerItemProxy section */
		1A000008000000000000000A /* PBXContainerItemProxy */ = {
			isa = PBXContainerItemProxy;
			containerPortal = 1A000000000000000000000A /* Project object */;
			proxyType = 1;
			remoteGlobalIDString = 1A000010000000000000000A;
			remoteInfo = AppexSaverMinimalExtension;
		};
/* End PBXContainerItemProxy section */

/* Begin PBXCopyFilesBuildPhase section */
		1A000009000000000000000A /* Embed PlugIns */ = {
			isa = PBXCopyFilesBuildPhase;
			buildActionMask = 2147483647;
			dstPath = "";
			dstSubfolderSpec = 13;
			files = (
				1A000007000000000000000A /* AppexSaverMinimalExtension.appex in Embed PlugIns */,
			);
			name = "Embed PlugIns";
			runOnlyForDeploymentPostprocessing = 0;
		};
		A1869E45305DC4B0009232D9 /* CopyFiles */ = {
			isa = PBXCopyFilesBuildPhase;
			buildActionMask = 2147483647;
			dstPath = "";
			dstSubfolderSpec = 6;
			files = (
				A1869E46305DC4D6009232D9 /* tslime in CopyFiles */,
			);
			runOnlyForDeploymentPostprocessing = 0;
		};
/* End PBXCopyFilesBuildPhase section */

/* Begin PBXFileReference section */
		1A000001000000000000000B /* AppexSaverMinimalApp.swift */ = {isa = PBXFileReference; lastKnownFileType = sourcecode.swift; path = AppexSaverMinimalApp.swift; sourceTree = "<group>"; };
		1A000002000000000000000B /* ContentView.swift */ = {isa = PBXFileReference; lastKnownFileType = sourcecode.swift; path = ContentView.swift; sourceTree = "<group>"; };
		1A000003000000000000000B /* AppexSaverMinimalExtension.swift */ = {isa = PBXFileReference; lastKnownFileType = sourcecode.swift; path = AppexSaverMinimalExtension.swift; sourceTree = "<group>"; };
		1A000004000000000000000B /* AppexSaverMinimalViewController.swift */ = {isa = PBXFileReference; lastKnownFileType = sourcecode.swift; path = AppexSaverMinimalViewController.swift; sourceTree = "<group>"; };
		1A000099000000000000000B /* LifecycleProbe.swift */ = {isa = PBXFileReference; lastKnownFileType = sourcecode.swift; path = LifecycleProbe.swift; sourceTree = "<group>"; };
		1A000005000000000000000B /* AppexSaverMinimalView.swift */ = {isa = PBXFileReference; lastKnownFileType = sourcecode.swift; path = AppexSaverMinimalView.swift; sourceTree = "<group>"; };
		1A000006000000000000000B /* ScreenSaver.framework */ = {isa = PBXFileReference; lastKnownFileType = wrapper.framework; name = ScreenSaver.framework; path = System/Library/Frameworks/ScreenSaver.framework; sourceTree = SDKROOT; };
		1A000007000000000000000B /* AppexSaverMinimalExtension.appex */ = {isa = PBXFileReference; explicitFileType = "wrapper.app-extension"; includeInIndex = 0; path = AppexSaverMinimalExtension.appex; sourceTree = BUILT_PRODUCTS_DIR; };
		1A00000A000000000000000B /* Info.plist */ = {isa = PBXFileReference; lastKnownFileType = text.plist.xml; path = Info.plist; sourceTree = "<group>"; };
		1A00000B000000000000000B /* AppexSaverMinimal.entitlements */ = {isa = PBXFileReference; lastKnownFileType = text.plist.entitlements; path = AppexSaverMinimal.entitlements; sourceTree = "<group>"; };
		1A00000C000000000000000B /* AppexSaverMinimal.app */ = {isa = PBXFileReference; explicitFileType = wrapper.application; includeInIndex = 0; path = AppexSaverMinimal.app; sourceTree = BUILT_PRODUCTS_DIR; };
		1A00000D000000000000000B /* ScreenSaverPrivate.h */ = {isa = PBXFileReference; lastKnownFileType = sourcecode.c.h; path = ScreenSaverPrivate.h; sourceTree = "<group>"; };
		1A00000E000000000000000B /* AppexSaverMinimalExtension-Bridging-Header.h */ = {isa = PBXFileReference; lastKnownFileType = sourcecode.c.h; path = "AppexSaverMinimalExtension-Bridging-Header.h"; sourceTree = "<group>"; };
		1A00000F000000000000000B /* Info.plist */ = {isa = PBXFileReference; lastKnownFileType = text.plist.xml; path = Info.plist; sourceTree = "<group>"; };
		1A000011000000000000000B /* AppexSaverMinimalExtension.entitlements */ = {isa = PBXFileReference; lastKnownFileType = text.plist.entitlements; path = AppexSaverMinimalExtension.entitlements; sourceTree = "<group>"; };
		1A000030000000000000000B /* AppexSaverMinimalConfigurationViewController.swift */ = {isa = PBXFileReference; lastKnownFileType = sourcecode.swift; path = AppexSaverMinimalConfigurationViewController.swift; sourceTree = "<group>"; };
		1A000031000000000000000B /* Assets.xcassets */ = {isa = PBXFileReference; lastKnownFileType = folder.assetcatalog; path = Assets.xcassets; sourceTree = "<group>"; };
		1A000032000000000000000B /* PluginManager.swift */ = {isa = PBXFileReference; lastKnownFileType = sourcecode.swift; path = PluginManager.swift; sourceTree = "<group>"; };
		1A000050000000000000000B /* BuildNumber.xcconfig */ = {isa = PBXFileReference; lastKnownFileType = text.xcconfig; path = BuildNumber.xcconfig; sourceTree = "<group>"; };
		1A000060000000000000000B /* RainbowAnimator.swift */ = {isa = PBXFileReference; lastKnownFileType = sourcecode.swift; path = RainbowAnimator.swift; sourceTree = "<group>"; };
		1A000062000000000000000B /* PreviewView.swift */ = {isa = PBXFileReference; lastKnownFileType = sourcecode.swift; path = PreviewView.swift; sourceTree = "<group>"; };
		1A000063000000000000000B /* PreviewViewRepresentable.swift */ = {isa = PBXFileReference; lastKnownFileType = sourcecode.swift; path = PreviewViewRepresentable.swift; sourceTree = "<group>"; };
		1A000064000000000000000B /* Logger.swift */ = {isa = PBXFileReference; lastKnownFileType = sourcecode.swift; path = Logger.swift; sourceTree = "<group>"; };
		A1869E38305DB82B009232D9 /* TerminalManager.swift */ = {isa = PBXFileReference; lastKnownFileType = sourcecode.swift; path = TerminalManager.swift; sourceTree = "<group>"; };
		1A00008E000000000000000B /* BrailleFonts.swift */ = {isa = PBXFileReference; lastKnownFileType = sourcecode.swift; path = BrailleFonts.swift; sourceTree = "<group>"; };
		A1869E50305DC10A009232D9 /* SaverSettings.swift */ = {isa = PBXFileReference; lastKnownFileType = sourcecode.swift; path = SaverSettings.swift; sourceTree = "<group>"; };
		A1869E42305DC453009232D9 /* tslime */ = {isa = PBXFileReference; lastKnownFileType = "compiled.mach-o.executable"; path = tslime; sourceTree = "<group>"; };
		A1869E47305DD34B009232D9 /* ScreensaverPreviewController.swift */ = {isa = PBXFileReference; lastKnownFileType = sourcecode.swift; path = ScreensaverPreviewController.swift; sourceTree = "<group>"; };
		1A000081000000000000000B /* JuliaMono-Bold.ttf */ = {isa = PBXFileReference; lastKnownFileType = file; path = "JuliaMono-Bold.ttf"; sourceTree = "<group>"; };
		1A000082000000000000000B /* JetBrainsMonoNerdFontMono-Regular.ttf */ = {isa = PBXFileReference; lastKnownFileType = file; path = "JetBrainsMonoNerdFontMono-Regular.ttf"; sourceTree = "<group>"; };
		1A000083000000000000000B /* JuliaMono-LICENSE.txt */ = {isa = PBXFileReference; lastKnownFileType = text; path = "JuliaMono-LICENSE.txt"; sourceTree = "<group>"; };
		1A00008A000000000000000B /* JetBrainsMono-OFL.txt */ = {isa = PBXFileReference; lastKnownFileType = text; path = "JetBrainsMono-OFL.txt"; sourceTree = "<group>"; };
/* End PBXFileReference section */

/* Begin PBXFrameworksBuildPhase section */
		1A000012000000000000000A /* Frameworks */ = {
			isa = PBXFrameworksBuildPhase;
			buildActionMask = 2147483647;
			files = (
				A1869E3C305DB8E7009232D9 /* SwiftTerm in Frameworks */,
				1A000070000000000000000A /* PaperSaverKit in Frameworks */,
			);
			runOnlyForDeploymentPostprocessing = 0;
		};
		1A000013000000000000000A /* Frameworks */ = {
			isa = PBXFrameworksBuildPhase;
			buildActionMask = 2147483647;
			files = (
				A1869E41305DC022009232D9 /* SwiftTerm in Frameworks */,
				1A000006000000000000000A /* ScreenSaver.framework in Frameworks */,
			);
			runOnlyForDeploymentPostprocessing = 0;
		};
/* End PBXFrameworksBuildPhase section */

/* Begin PBXGroup section */
		1A000014000000000000000C = {
			isa = PBXGroup;
			children = (
				1A000050000000000000000B /* BuildNumber.xcconfig */,
				1A000015000000000000000C /* AppexSaverMinimal */,
				1A000016000000000000000C /* AppexSaverMinimalExtension */,
				1A000080000000000000000C /* Fonts */,
				1A000017000000000000000C /* Frameworks */,
				1A000018000000000000000C /* Products */,
			);
			sourceTree = "<group>";
		};
		1A000015000000000000000C /* AppexSaverMinimal */ = {
			isa = PBXGroup;
			children = (
				1A000065000000000000000C /* Helpers */,
				1A000001000000000000000B /* AppexSaverMinimalApp.swift */,
				1A000002000000000000000B /* ContentView.swift */,
				1A000032000000000000000B /* PluginManager.swift */,
				1A000060000000000000000B /* RainbowAnimator.swift */,
				1A000062000000000000000B /* PreviewView.swift */,
				1A000063000000000000000B /* PreviewViewRepresentable.swift */,
				1A00000A000000000000000B /* Info.plist */,
				1A00000B000000000000000B /* AppexSaverMinimal.entitlements */,
				A1869E38305DB82B009232D9 /* TerminalManager.swift */,
				A1869E50305DC10A009232D9 /* SaverSettings.swift */,
				1A00008E000000000000000B /* BrailleFonts.swift */,
				A1869E42305DC453009232D9 /* tslime */,
				A1869E47305DD34B009232D9 /* ScreensaverPreviewController.swift */,
			);
			path = AppexSaverMinimal;
			sourceTree = "<group>";
		};
		1A000016000000000000000C /* AppexSaverMinimalExtension */ = {
			isa = PBXGroup;
			children = (
				1A000019000000000000000C /* PrivateHeaders */,
				1A000003000000000000000B /* AppexSaverMinimalExtension.swift */,
				1A000004000000000000000B /* AppexSaverMinimalViewController.swift */,
				1A000005000000000000000B /* AppexSaverMinimalView.swift */,
				1A000099000000000000000B /* LifecycleProbe.swift */,
				1A000030000000000000000B /* AppexSaverMinimalConfigurationViewController.swift */,
				1A000031000000000000000B /* Assets.xcassets */,
				1A00000E000000000000000B /* AppexSaverMinimalExtension-Bridging-Header.h */,
				1A00000F000000000000000B /* Info.plist */,
				1A000011000000000000000B /* AppexSaverMinimalExtension.entitlements */,
			);
			path = AppexSaverMinimalExtension;
			sourceTree = "<group>";
		};
		1A000017000000000000000C /* Frameworks */ = {
			isa = PBXGroup;
			children = (
				1A000006000000000000000B /* ScreenSaver.framework */,
			);
			name = Frameworks;
			sourceTree = "<group>";
		};
		1A000018000000000000000C /* Products */ = {
			isa = PBXGroup;
			children = (
				1A00000C000000000000000B /* AppexSaverMinimal.app */,
				1A000007000000000000000B /* AppexSaverMinimalExtension.appex */,
			);
			name = Products;
			sourceTree = "<group>";
		};
		1A000019000000000000000C /* PrivateHeaders */ = {
			isa = PBXGroup;
			children = (
				1A00000D000000000000000B /* ScreenSaverPrivate.h */,
			);
			path = PrivateHeaders;
			sourceTree = "<group>";
		};
		1A000065000000000000000C /* Helpers */ = {
			isa = PBXGroup;
			children = (
				1A000064000000000000000B /* Logger.swift */,
			);
			path = Helpers;
			sourceTree = "<group>";
		};
		1A000080000000000000000C /* Fonts */ = {
			isa = PBXGroup;
			children = (
				1A000081000000000000000B /* JuliaMono-Bold.ttf */,
				1A000082000000000000000B /* JetBrainsMonoNerdFontMono-Regular.ttf */,
				1A000083000000000000000B /* JuliaMono-LICENSE.txt */,
				1A00008A000000000000000B /* JetBrainsMono-OFL.txt */,
			);
			path = Fonts;
			sourceTree = "<group>";
		};
/* End PBXGroup section */

/* Begin PBXNativeTarget section */
		1A000010000000000000000A /* AppexSaverMinimalExtension */ = {
			isa = PBXNativeTarget;
			buildConfigurationList = 1A00001F000000000000000A /* Build configuration list for PBXNativeTarget "AppexSaverMinimalExtension" */;
			buildPhases = (
				1A000020000000000000000A /* Sources */,
				1A000013000000000000000A /* Frameworks */,
				1A000021000000000000000A /* Resources */,
				A1869E45305DC4B0009232D9 /* CopyFiles */,
			);
			buildRules = (
			);
			dependencies = (
			);
			name = AppexSaverMinimalExtension;
			productName = AppexSaverMinimalExtension;
			productReference = 1A000007000000000000000B /* AppexSaverMinimalExtension.appex */;
			productType = "com.apple.product-type.app-extension";
		};
		1A00001A000000000000000A /* AppexSaverMinimal */ = {
			isa = PBXNativeTarget;
			buildConfigurationList = 1A00001B000000000000000A /* Build configuration list for PBXNativeTarget "AppexSaverMinimal" */;
			buildPhases = (
				1A00001C000000000000000A /* Sources */,
				1A000012000000000000000A /* Frameworks */,
				1A00001D000000000000000A /* Resources */,
				1A000009000000000000000A /* Embed PlugIns */,
				1A000042000000000000000A /* Register Extensions */,
			);
			buildRules = (
			);
			dependencies = (
				1A00001E000000000000000A /* PBXTargetDependency */,
			);
			name = AppexSaverMinimal;
			packageProductDependencies = (
				1A000070000000000000000B /* PaperSaverKit */,
				A1869E3B305DB8E7009232D9 /* SwiftTerm */,
			);
			productName = AppexSaverMinimal;
			productReference = 1A00000C000000000000000B /* AppexSaverMinimal.app */;
			productType = "com.apple.product-type.application";
		};
/* End PBXNativeTarget section */

/* Begin PBXProject section */
		1A000000000000000000000A /* Project object */ = {
			isa = PBXProject;
			attributes = {
				BuildIndependentTargetsInParallel = 1;
				LastSwiftUpdateCheck = 1500;
				LastUpgradeCheck = 2660;
				TargetAttributes = {
					1A000010000000000000000A = {
						CreatedOnToolsVersion = 15.0;
					};
					1A00001A000000000000000A = {
						CreatedOnToolsVersion = 15.0;
					};
				};
			};
			buildConfigurationList = 1A000022000000000000000A /* Build configuration list for PBXProject "AppexSaverMinimal" */;
			compatibilityVersion = "Xcode 14.0";
			developmentRegion = en;
			hasScannedForEncodings = 0;
			knownRegions = (
				en,
				Base,
			);
			mainGroup = 1A000014000000000000000C;
			packageReferences = (
				1A000071000000000000000A /* XCRemoteSwiftPackageReference "PaperSaver" */,
				A1869E3A305DB8E7009232D9 /* XCRemoteSwiftPackageReference "SwiftTerm" */,
			);
			productRefGroup = 1A000018000000000000000C /* Products */;
			projectDirPath = "";
			projectRoot = "";
			targets = (
				1A00001A000000000000000A /* AppexSaverMinimal */,
				1A000010000000000000000A /* AppexSaverMinimalExtension */,
			);
		};
/* End PBXProject section */

/* Begin PBXResourcesBuildPhase section */
		1A00001D000000000000000A /* Resources */ = {
			isa = PBXResourcesBuildPhase;
			buildActionMask = 2147483647;
			files = (
				A1869E44305DC453009232D9 /* tslime in Resources */,
			);
			runOnlyForDeploymentPostprocessing = 0;
		};
		1A000021000000000000000A /* Resources */ = {
			isa = PBXResourcesBuildPhase;
			buildActionMask = 2147483647;
			files = (
				A1869E43305DC453009232D9 /* tslime in Resources */,
				1A000084000000000000000A /* JuliaMono-Bold.ttf in Resources */,
				1A000086000000000000000A /* JetBrainsMonoNerdFontMono-Regular.ttf in Resources */,
				1A000088000000000000000A /* JuliaMono-LICENSE.txt in Resources */,
				1A00008B000000000000000A /* JetBrainsMono-OFL.txt in Resources */,
				1A000031000000000000000A /* Assets.xcassets in Resources */,
			);
			runOnlyForDeploymentPostprocessing = 0;
		};
/* End PBXResourcesBuildPhase section */

/* Begin PBXShellScriptBuildPhase section */
		1A000042000000000000000A /* Register Extensions */ = {
			isa = PBXShellScriptBuildPhase;
			buildActionMask = 2147483647;
			files = (
			);
			inputFileListPaths = (
			);
			inputPaths = (
			);
			name = "Register Extensions";
			outputFileListPaths = (
			);
			outputPaths = (
			);
			runOnlyForDeploymentPostprocessing = 0;
			shellPath = /bin/sh;
			shellScript = "find \"$CODESIGNING_FOLDER_PATH\" -name '*.appex' -exec pluginkit -a {} \\;\n";
		};
/* End PBXShellScriptBuildPhase section */

/* Begin PBXSourcesBuildPhase section */
		1A00001C000000000000000A /* Sources */ = {
			isa = PBXSourcesBuildPhase;
			buildActionMask = 2147483647;
			files = (
				1A000001000000000000000A /* AppexSaverMinimalApp.swift in Sources */,
				A1869E48305DD34B009232D9 /* ScreensaverPreviewController.swift in Sources */,
				1A000002000000000000000A /* ContentView.swift in Sources */,
				1A000032000000000000000A /* PluginManager.swift in Sources */,
				1A000066000000000000000A /* Logger.swift in Sources */,
				1A000060000000000000000A /* RainbowAnimator.swift in Sources */,
				1A000062000000000000000A /* PreviewView.swift in Sources */,
				1A000063000000000000000A /* PreviewViewRepresentable.swift in Sources */,
				A1869E39305DB82B009232D9 /* TerminalManager.swift in Sources */,
				A1869E51305DC10A009232D9 /* SaverSettings.swift in Sources */,
				1A00008C000000000000000A /* BrailleFonts.swift in Sources */,
			);
			runOnlyForDeploymentPostprocessing = 0;
		};
		1A000020000000000000000A /* Sources */ = {
			isa = PBXSourcesBuildPhase;
			buildActionMask = 2147483647;
			files = (
				A1869E3D305DB9E4009232D9 /* TerminalManager.swift in Sources */,
				A1869E52305DC10A009232D9 /* SaverSettings.swift in Sources */,
				1A00008D000000000000000A /* BrailleFonts.swift in Sources */,
				1A000003000000000000000A /* AppexSaverMinimalExtension.swift in Sources */,
				1A000004000000000000000A /* AppexSaverMinimalViewController.swift in Sources */,
				1A000005000000000000000A /* AppexSaverMinimalView.swift in Sources */,
				1A000099000000000000000A /* LifecycleProbe.swift in Sources */,
				1A000030000000000000000A /* AppexSaverMinimalConfigurationViewController.swift in Sources */,
				1A000067000000000000000A /* Logger.swift in Sources */,
				1A000061000000000000000A /* RainbowAnimator.swift in Sources */,
			);
			runOnlyForDeploymentPostprocessing = 0;
		};
/* End PBXSourcesBuildPhase section */

/* Begin PBXTargetDependency section */
		1A00001E000000000000000A /* PBXTargetDependency */ = {
			isa = PBXTargetDependency;
			target = 1A000010000000000000000A /* AppexSaverMinimalExtension */;
			targetProxy = 1A000008000000000000000A /* PBXContainerItemProxy */;
		};
/* End PBXTargetDependency section */

/* Begin XCBuildConfiguration section */
		1A000023000000000000000A /* Debug */ = {
			isa = XCBuildConfiguration;
			baseConfigurationReference = 1A000050000000000000000B /* BuildNumber.xcconfig */;
			buildSettings = {
				ALWAYS_SEARCH_USER_PATHS = NO;
				ASSETCATALOG_COMPILER_GENERATE_SWIFT_ASSET_SYMBOL_EXTENSIONS = YES;
				CLANG_ANALYZER_NONNULL = YES;
				CLANG_ANALYZER_NUMBER_OBJECT_CONVERSION = YES_AGGRESSIVE;
				CLANG_CXX_LANGUAGE_STANDARD = "gnu++20";
				CLANG_ENABLE_MODULES = YES;
				CLANG_ENABLE_OBJC_ARC = YES;
				CLANG_ENABLE_OBJC_WEAK = YES;
				CLANG_WARN_BLOCK_CAPTURE_AUTORELEASING = YES;
				CLANG_WARN_BOOL_CONVERSION = YES;
				CLANG_WARN_COMMA = YES;
				CLANG_WARN_CONSTANT_CONVERSION = YES;
				CLANG_WARN_DEPRECATED_OBJC_IMPLEMENTATIONS = YES;
				CLANG_WARN_DIRECT_OBJC_ISA_USAGE = YES_ERROR;
				CLANG_WARN_DOCUMENTATION_COMMENTS = YES;
				CLANG_WARN_EMPTY_BODY = YES;
				CLANG_WARN_ENUM_CONVERSION = YES;
				CLANG_WARN_INFINITE_RECURSION = YES;
				CLANG_WARN_INT_CONVERSION = YES;
				CLANG_WARN_NON_LITERAL_NULL_CONVERSION = YES;
				CLANG_WARN_OBJC_IMPLICIT_RETAIN_SELF = YES;
				CLANG_WARN_OBJC_LITERAL_CONVERSION = YES;
				CLANG_WARN_OBJC_ROOT_CLASS = YES_ERROR;
				CLANG_WARN_QUOTED_INCLUDE_IN_FRAMEWORK_HEADER = YES;
				CLANG_WARN_RANGE_LOOP_ANALYSIS = YES;
				CLANG_WARN_STRICT_PROTOTYPES = YES;
				CLANG_WARN_SUSPICIOUS_MOVE = YES;
				CLANG_WARN_UNGUARDED_AVAILABILITY = YES_AGGRESSIVE;
				CLANG_WARN_UNREACHABLE_CODE = YES;
				CLANG_WARN__DUPLICATE_METHOD_MATCH = YES;
				COPY_PHASE_STRIP = NO;
				DEAD_CODE_STRIPPING = YES;
				DEBUG_INFORMATION_FORMAT = dwarf;
				ENABLE_STRICT_OBJC_MSGSEND = YES;
				ENABLE_TESTABILITY = YES;
				ENABLE_USER_SCRIPT_SANDBOXING = NO;
				GCC_C_LANGUAGE_STANDARD = gnu17;
				GCC_DYNAMIC_NO_PIC = NO;
				GCC_NO_COMMON_BLOCKS = YES;
				GCC_OPTIMIZATION_LEVEL = 0;
				GCC_PREPROCESSOR_DEFINITIONS = (
					"DEBUG=1",
					"$(inherited)",
				);
				GCC_WARN_64_TO_32_BIT_CONVERSION = YES;
				GCC_WARN_ABOUT_RETURN_TYPE = YES_ERROR;
				GCC_WARN_UNDECLARED_SELECTOR = YES;
				GCC_WARN_UNINITIALIZED_AUTOS = YES_AGGRESSIVE;
				GCC_WARN_UNUSED_FUNCTION = YES;
				GCC_WARN_UNUSED_VARIABLE = YES;
				LOCALIZATION_PREFERS_STRING_CATALOGS = YES;
				MACOSX_DEPLOYMENT_TARGET = 14.0;
				MTL_ENABLE_DEBUG_INFO = INCLUDE_SOURCE;
				MTL_FAST_MATH = YES;
				ONLY_ACTIVE_ARCH = YES;
				SDKROOT = macosx;
				STRING_CATALOG_GENERATE_SYMBOLS = YES;
				SWIFT_ACTIVE_COMPILATION_CONDITIONS = "DEBUG $(inherited)";
				SWIFT_OPTIMIZATION_LEVEL = "-O";
			};
			name = Debug;
		};
		1A000024000000000000000A /* Release */ = {
			isa = XCBuildConfiguration;
			baseConfigurationReference = 1A000050000000000000000B /* BuildNumber.xcconfig */;
			buildSettings = {
				ALWAYS_SEARCH_USER_PATHS = NO;
				ASSETCATALOG_COMPILER_GENERATE_SWIFT_ASSET_SYMBOL_EXTENSIONS = YES;
				CLANG_ANALYZER_NONNULL = YES;
				CLANG_ANALYZER_NUMBER_OBJECT_CONVERSION = YES_AGGRESSIVE;
				CLANG_CXX_LANGUAGE_STANDARD = "gnu++20";
				CLANG_ENABLE_MODULES = YES;
				CLANG_ENABLE_OBJC_ARC = YES;
				CLANG_ENABLE_OBJC_WEAK = YES;
				CLANG_WARN_BLOCK_CAPTURE_AUTORELEASING = YES;
				CLANG_WARN_BOOL_CONVERSION = YES;
				CLANG_WARN_COMMA = YES;
				CLANG_WARN_CONSTANT_CONVERSION = YES;
				CLANG_WARN_DEPRECATED_OBJC_IMPLEMENTATIONS = YES;
				CLANG_WARN_DIRECT_OBJC_ISA_USAGE = YES_ERROR;
				CLANG_WARN_DOCUMENTATION_COMMENTS = YES;
				CLANG_WARN_EMPTY_BODY = YES;
				CLANG_WARN_ENUM_CONVERSION = YES;
				CLANG_WARN_INFINITE_RECURSION = YES;
				CLANG_WARN_INT_CONVERSION = YES;
				CLANG_WARN_NON_LITERAL_NULL_CONVERSION = YES;
				CLANG_WARN_OBJC_IMPLICIT_RETAIN_SELF = YES;
				CLANG_WARN_OBJC_LITERAL_CONVERSION = YES;
				CLANG_WARN_OBJC_ROOT_CLASS = YES_ERROR;
				CLANG_WARN_QUOTED_INCLUDE_IN_FRAMEWORK_HEADER = YES;
				CLANG_WARN_RANGE_LOOP_ANALYSIS = YES;
				CLANG_WARN_STRICT_PROTOTYPES = YES;
				CLANG_WARN_SUSPICIOUS_MOVE = YES;
				CLANG_WARN_UNGUARDED_AVAILABILITY = YES_AGGRESSIVE;
				CLANG_WARN_UNREACHABLE_CODE = YES;
				CLANG_WARN__DUPLICATE_METHOD_MATCH = YES;
				COPY_PHASE_STRIP = NO;
				DEAD_CODE_STRIPPING = YES;
				DEBUG_INFORMATION_FORMAT = "dwarf-with-dsym";
				ENABLE_NS_ASSERTIONS = NO;
				ENABLE_STRICT_OBJC_MSGSEND = YES;
				ENABLE_USER_SCRIPT_SANDBOXING = NO;
				GCC_C_LANGUAGE_STANDARD = gnu17;
				GCC_NO_COMMON_BLOCKS = YES;
				GCC_WARN_64_TO_32_BIT_CONVERSION = YES;
				GCC_WARN_ABOUT_RETURN_TYPE = YES_ERROR;
				GCC_WARN_UNDECLARED_SELECTOR = YES;
				GCC_WARN_UNINITIALIZED_AUTOS = YES_AGGRESSIVE;
				GCC_WARN_UNUSED_FUNCTION = YES;
				GCC_WARN_UNUSED_VARIABLE = YES;
				LOCALIZATION_PREFERS_STRING_CATALOGS = YES;
				MACOSX_DEPLOYMENT_TARGET = 14.0;
				MTL_ENABLE_DEBUG_INFO = NO;
				MTL_FAST_MATH = YES;
				SDKROOT = macosx;
				STRING_CATALOG_GENERATE_SYMBOLS = YES;
				SWIFT_COMPILATION_MODE = wholemodule;
			};
			name = Release;
		};
		1A000025000000000000000A /* Debug */ = {
			isa = XCBuildConfiguration;
			buildSettings = {
				ASSETCATALOG_COMPILER_APPICON_NAME = AppIcon;
				ASSETCATALOG_COMPILER_GLOBAL_ACCENT_COLOR_NAME = AccentColor;
				CODE_SIGN_ENTITLEMENTS = AppexSaverMinimal/AppexSaverMinimal.entitlements;
				CODE_SIGN_STYLE = Automatic;
				COMBINE_HIDPI_IMAGES = YES;
				DEAD_CODE_STRIPPING = YES;
				DEVELOPMENT_TEAM = "";
				ENABLE_HARDENED_RUNTIME = YES;
				ENABLE_USER_SCRIPT_SANDBOXING = NO;
				GENERATE_INFOPLIST_FILE = NO;
				INFOPLIST_FILE = AppexSaverMinimal/Info.plist;
				INFOPLIST_KEY_NSHumanReadableCopyright = "";
				INFOPLIST_KEY_NSPrincipalClass = NSApplication;
				LD_RUNPATH_SEARCH_PATHS = (
					"$(inherited)",
					"@executable_path/../Frameworks",
				);
				MARKETING_VERSION = 1.0;
				PRODUCT_BUNDLE_IDENTIFIER = net.aerialscreensaver.AppexSaverMinimal;
				PRODUCT_NAME = "$(TARGET_NAME)";
				SWIFT_EMIT_LOC_STRINGS = YES;
				SWIFT_VERSION = 5.0;
			};
			name = Debug;
		};
		1A000026000000000000000A /* Release */ = {
			isa = XCBuildConfiguration;
			buildSettings = {
				ASSETCATALOG_COMPILER_APPICON_NAME = AppIcon;
				ASSETCATALOG_COMPILER_GLOBAL_ACCENT_COLOR_NAME = AccentColor;
				CODE_SIGN_ENTITLEMENTS = AppexSaverMinimal/AppexSaverMinimal.entitlements;
				CODE_SIGN_STYLE = Automatic;
				COMBINE_HIDPI_IMAGES = YES;
				DEAD_CODE_STRIPPING = YES;
				DEVELOPMENT_TEAM = "";
				ENABLE_HARDENED_RUNTIME = YES;
				ENABLE_USER_SCRIPT_SANDBOXING = NO;
				GENERATE_INFOPLIST_FILE = NO;
				INFOPLIST_FILE = AppexSaverMinimal/Info.plist;
				INFOPLIST_KEY_NSHumanReadableCopyright = "";
				INFOPLIST_KEY_NSPrincipalClass = NSApplication;
				LD_RUNPATH_SEARCH_PATHS = (
					"$(inherited)",
					"@executable_path/../Frameworks",
				);
				MARKETING_VERSION = 1.0;
				PRODUCT_BUNDLE_IDENTIFIER = net.aerialscreensaver.AppexSaverMinimal;
				PRODUCT_NAME = "$(TARGET_NAME)";
				SWIFT_EMIT_LOC_STRINGS = YES;
				SWIFT_VERSION = 5.0;
			};
			name = Release;
		};
		1A000027000000000000000A /* Debug */ = {
			isa = XCBuildConfiguration;
			buildSettings = {
				CODE_SIGN_ENTITLEMENTS = AppexSaverMinimalExtension/AppexSaverMinimalExtension.entitlements;
				CODE_SIGN_STYLE = Automatic;
				DEAD_CODE_STRIPPING = YES;
				DEVELOPMENT_TEAM = "";
				ENABLE_APP_SANDBOX = YES;
				ENABLE_INCOMING_NETWORK_CONNECTIONS = YES;
				ENABLE_OUTGOING_NETWORK_CONNECTIONS = YES;
				ENABLE_RESOURCE_ACCESS_AUDIO_INPUT = NO;
				ENABLE_RESOURCE_ACCESS_BLUETOOTH = NO;
				ENABLE_RESOURCE_ACCESS_CALENDARS = NO;
				ENABLE_RESOURCE_ACCESS_CAMERA = NO;
				ENABLE_RESOURCE_ACCESS_CONTACTS = NO;
				ENABLE_RESOURCE_ACCESS_LOCATION = NO;
				ENABLE_RESOURCE_ACCESS_PRINTING = NO;
				ENABLE_RESOURCE_ACCESS_USB = NO;
				ENABLE_USER_SCRIPT_SANDBOXING = NO;
				GENERATE_INFOPLIST_FILE = NO;
				INFOPLIST_FILE = AppexSaverMinimalExtension/Info.plist;
				INFOPLIST_KEY_CFBundleDisplayName = AppexSaverMinimal;
				INFOPLIST_KEY_NSHumanReadableCopyright = "";
				LD_RUNPATH_SEARCH_PATHS = (
					"$(inherited)",
					"@executable_path/../Frameworks",
					"@executable_path/../../../../Frameworks",
				);
				MARKETING_VERSION = 1.0;
				PRODUCT_BUNDLE_IDENTIFIER = net.aerialscreensaver.AppexSaverMinimal.Extension;
				PRODUCT_NAME = "$(TARGET_NAME)";
				SKIP_INSTALL = YES;
				SWIFT_EMIT_LOC_STRINGS = YES;
				SWIFT_OBJC_BRIDGING_HEADER = "AppexSaverMinimalExtension/AppexSaverMinimalExtension-Bridging-Header.h";
				SWIFT_VERSION = 5.0;
			};
			name = Debug;
		};
		1A000028000000000000000A /* Release */ = {
			isa = XCBuildConfiguration;
			buildSettings = {
				CODE_SIGN_ENTITLEMENTS = AppexSaverMinimalExtension/AppexSaverMinimalExtension.entitlements;
				CODE_SIGN_STYLE = Automatic;
				DEAD_CODE_STRIPPING = YES;
				DEVELOPMENT_TEAM = "";
				ENABLE_APP_SANDBOX = YES;
				ENABLE_INCOMING_NETWORK_CONNECTIONS = YES;
				ENABLE_OUTGOING_NETWORK_CONNECTIONS = YES;
				ENABLE_RESOURCE_ACCESS_AUDIO_INPUT = NO;
				ENABLE_RESOURCE_ACCESS_BLUETOOTH = NO;
				ENABLE_RESOURCE_ACCESS_CALENDARS = NO;
				ENABLE_RESOURCE_ACCESS_CAMERA = NO;
				ENABLE_RESOURCE_ACCESS_CONTACTS = NO;
				ENABLE_RESOURCE_ACCESS_LOCATION = NO;
				ENABLE_RESOURCE_ACCESS_PRINTING = NO;
				ENABLE_RESOURCE_ACCESS_USB = NO;
				ENABLE_USER_SCRIPT_SANDBOXING = NO;
				GENERATE_INFOPLIST_FILE = NO;
				INFOPLIST_FILE = AppexSaverMinimalExtension/Info.plist;
				INFOPLIST_KEY_CFBundleDisplayName = AppexSaverMinimal;
				INFOPLIST_KEY_NSHumanReadableCopyright = "";
				LD_RUNPATH_SEARCH_PATHS = (
					"$(inherited)",
					"@executable_path/../Frameworks",
					"@executable_path/../../../../Frameworks",
				);
				MARKETING_VERSION = 1.0;
				PRODUCT_BUNDLE_IDENTIFIER = net.aerialscreensaver.AppexSaverMinimal.Extension;
				PRODUCT_NAME = "$(TARGET_NAME)";
				SKIP_INSTALL = YES;
				SWIFT_EMIT_LOC_STRINGS = YES;
				SWIFT_OBJC_BRIDGING_HEADER = "AppexSaverMinimalExtension/AppexSaverMinimalExtension-Bridging-Header.h";
				SWIFT_VERSION = 5.0;
			};
			name = Release;
		};
/* End XCBuildConfiguration section */

/* Begin XCConfigurationList section */
		1A00001B000000000000000A /* Build configuration list for PBXNativeTarget "AppexSaverMinimal" */ = {
			isa = XCConfigurationList;
			buildConfigurations = (
				1A000025000000000000000A /* Debug */,
				1A000026000000000000000A /* Release */,
			);
			defaultConfigurationIsVisible = 0;
			defaultConfigurationName = Release;
		};
		1A00001F000000000000000A /* Build configuration list for PBXNativeTarget "AppexSaverMinimalExtension" */ = {
			isa = XCConfigurationList;
			buildConfigurations = (
				1A000027000000000000000A /* Debug */,
				1A000028000000000000000A /* Release */,
			);
			defaultConfigurationIsVisible = 0;
			defaultConfigurationName = Release;
		};
		1A000022000000000000000A /* Build configuration list for PBXProject "AppexSaverMinimal" */ = {
			isa = XCConfigurationList;
			buildConfigurations = (
				1A000023000000000000000A /* Debug */,
				1A000024000000000000000A /* Release */,
			);
			defaultConfigurationIsVisible = 0;
			defaultConfigurationName = Release;
		};
/* End XCConfigurationList section */

/* Begin XCRemoteSwiftPackageReference section */
		A1869E3A305DB8E7009232D9 /* XCRemoteSwiftPackageReference "SwiftTerm" */ = {
			isa = XCRemoteSwiftPackageReference;
			repositoryURL = "https://github.com/tamirelazar/SwiftTerm";
			requirement = {
				branch = "tslime-renderer-patches";
				kind = branch;
			};
		};
		1A000071000000000000000A /* XCRemoteSwiftPackageReference "PaperSaver" */ = {
			isa = XCRemoteSwiftPackageReference;
			repositoryURL = "https://github.com/AerialScreensaver/PaperSaver.git";
			requirement = {
				kind = exactVersion;
				version = 0.2.0;
			};
		};
/* End XCRemoteSwiftPackageReference section */

/* Begin XCSwiftPackageProductDependency section */
		1A000070000000000000000B /* PaperSaverKit */ = {
			isa = XCSwiftPackageProductDependency;
			package = 1A000071000000000000000A /* XCRemoteSwiftPackageReference "PaperSaver" */;
			productName = PaperSaverKit;
		};
		A1869E3B305DB8E7009232D9 /* SwiftTerm */ = {
			isa = XCSwiftPackageProductDependency;
			package = A1869E3A305DB8E7009232D9 /* XCRemoteSwiftPackageReference "SwiftTerm" */;
			productName = SwiftTerm;
		};
		A1869E40305DC022009232D9 /* SwiftTerm */ = {
			isa = XCSwiftPackageProductDependency;
			package = A1869E3A305DB8E7009232D9 /* XCRemoteSwiftPackageReference "SwiftTerm" */;
			productName = SwiftTerm;
		};
/* End XCSwiftPackageProductDependency section */
	};
	rootObject = 1A000000000000000000000A /* Project object */;
}
