<?xml version="1.0" encoding="UTF-8"?>
<!DOCTYPE plist PUBLIC "-//Apple//DTD PLIST 1.0//EN" "http://www.apple.com/DTDs/PropertyList-1.0.dtd">
<plist version="1.0">
<dict>
	<key>archiveVersion</key>
	<string>1</string>
	<key>classes</key>
	<dict/>
	<key>objectVersion</key>
	<string>77</string>
	<key>objects</key>
	<dict>
		<key>01F040523805F915B532574A</key>
		<dict>
			<key>buildActionMask</key>
			<string>2147483647</string>
			<key>files</key>
			<array>
				<string>5DEA6D3E019F63F3B6D81C7C</string>
				<string>C1463747DDEB381844EC7586</string>
				<string>64295C4D4D3565477B824E91</string>
				<string>5ED58FAC146BEB5E6C3A0590</string>
			</array>
			<key>isa</key>
			<string>PBXSourcesBuildPhase</string>
			<key>runOnlyForDeploymentPostprocessing</key>
			<string>0</string>
		</dict>
		<key>131446E2D9A7B15E8CA0A2F6</key>
		<dict>
			<key>buildSettings</key>
			<dict>
				<key>CLANG_ENABLE_MODULES</key>
				<string>YES</string>
				<key>CODE_SIGN_IDENTITY</key>
				<string>-</string>
				<key>CODE_SIGN_STYLE</key>
				<string>Manual</string>
				<key>GENERATE_INFOPLIST_FILE</key>
				<string>NO</string>
				<key>INFOPLIST_FILE</key>
				<string>HostInfo.plist</string>
				<key>MACOSX_DEPLOYMENT_TARGET</key>
				<string>26.0</string>
				<key>PRODUCT_BUNDLE_IDENTIFIER</key>
				<string>local.oozel.native-wallpaper-probe.host</string>
				<key>PRODUCT_NAME</key>
				<string>Native Geometry Probe Host</string>
				<key>SDKROOT</key>
				<string>macosx</string>
				<key>SWIFT_VERSION</key>
				<string>5.0</string>
			</dict>
			<key>isa</key>
			<string>XCBuildConfiguration</string>
			<key>name</key>
			<string>Debug</string>
		</dict>
		<key>187E20AA4848CB168362643F</key>
		<dict>
			<key>buildConfigurations</key>
			<array>
				<string>131446E2D9A7B15E8CA0A2F6</string>
			</array>
			<key>defaultConfigurationIsVisible</key>
			<string>0</string>
			<key>defaultConfigurationName</key>
			<string>Debug</string>
			<key>isa</key>
			<string>XCConfigurationList</string>
		</dict>
		<key>293A8D0D028AEA146284FF0E</key>
		<dict>
			<key>buildSettings</key>
			<dict>
				<key>APPLICATION_EXTENSION_API_ONLY</key>
				<string>YES</string>
				<key>CLANG_ENABLE_MODULES</key>
				<string>YES</string>
				<key>CODE_SIGN_ENTITLEMENTS</key>
				<string>Extension.entitlements</string>
				<key>CODE_SIGN_IDENTITY</key>
				<string>-</string>
				<key>CODE_SIGN_STYLE</key>
				<string>Manual</string>
				<key>ENABLE_APP_SANDBOX</key>
				<string>YES</string>
				<key>GENERATE_INFOPLIST_FILE</key>
				<string>NO</string>
				<key>INFOPLIST_FILE</key>
				<string>ExtensionInfo.plist</string>
				<key>LD_RUNPATH_SEARCH_PATHS</key>
				<array>
					<string>$(inherited)</string>
					<string>@executable_path/../Frameworks</string>
					<string>@executable_path/../../../../Frameworks</string>
				</array>
				<key>MACOSX_DEPLOYMENT_TARGET</key>
				<string>26.0</string>
				<key>PRODUCT_BUNDLE_IDENTIFIER</key>
				<string>local.oozel.native-wallpaper-probe.host.extension</string>
				<key>PRODUCT_MODULE_NAME</key>
				<string>NativeGeometryProbe</string>
				<key>PRODUCT_NAME</key>
				<string>NativeGeometryProbe</string>
				<key>SDKROOT</key>
				<string>macosx</string>
				<key>SWIFT_OBJC_BRIDGING_HEADER</key>
				<string>PrivateBridge.h</string>
				<key>SWIFT_VERSION</key>
				<string>5.0</string>
			</dict>
			<key>isa</key>
			<string>XCBuildConfiguration</string>
			<key>name</key>
			<string>Debug</string>
		</dict>
		<key>3B2981CD44B4D7B6E44A9773</key>
		<dict>
			<key>buildActionMask</key>
			<string>2147483647</string>
			<key>files</key>
			<array>
				<string>6ACF62829EDD502F8F9A04E2</string>
			</array>
			<key>isa</key>
			<string>PBXSourcesBuildPhase</string>
			<key>runOnlyForDeploymentPostprocessing</key>
			<string>0</string>
		</dict>
		<key>3CE504D88A5D31FC7ECBA5C1</key>
		<dict>
			<key>isa</key>
			<string>PBXFileReference</string>
			<key>lastKnownFileType</key>
			<string>sourcecode.c.h</string>
			<key>path</key>
			<string>PrivateBridge.h</string>
			<key>sourceTree</key>
			<string>&lt;group&gt;</string>
		</dict>
		<key>4E783A9E10D2A8ABA38CD11C</key>
		<dict>
			<key>explicitFileType</key>
			<string>wrapper.application</string>
			<key>includeInIndex</key>
			<string>0</string>
			<key>isa</key>
			<string>PBXFileReference</string>
			<key>path</key>
			<string>Native Geometry Probe Host.app</string>
			<key>sourceTree</key>
			<string>BUILT_PRODUCTS_DIR</string>
		</dict>
		<key>58323134247D9C08B48ED5B9</key>
		<dict>
			<key>isa</key>
			<string>PBXFileReference</string>
			<key>lastKnownFileType</key>
			<string>text.plist.xml</string>
			<key>path</key>
			<string>HostInfo.plist</string>
			<key>sourceTree</key>
			<string>&lt;group&gt;</string>
		</dict>
		<key>5CA0324C1B17366AF65F026D</key>
		<dict>
			<key>buildActionMask</key>
			<string>2147483647</string>
			<key>dstPath</key>
			<string>$(EXTENSIONS_FOLDER_PATH)</string>
			<key>dstSubfolderSpec</key>
			<string>16</string>
			<key>files</key>
			<array>
				<string>6B8DF457004DDCB5B616420C</string>
			</array>
			<key>isa</key>
			<string>PBXCopyFilesBuildPhase</string>
			<key>name</key>
			<string>Embed ExtensionKit Extensions</string>
			<key>runOnlyForDeploymentPostprocessing</key>
			<string>0</string>
		</dict>
		<key>5DEA6D3E019F63F3B6D81C7C</key>
		<dict>
			<key>fileRef</key>
			<string>8BDA18653FDDBF979920A9EC</string>
			<key>isa</key>
			<string>PBXBuildFile</string>
		</dict>
		<key>5ED58FAC146BEB5E6C3A0590</key>
		<dict>
			<key>fileRef</key>
			<string>C6E5D22731765E8006964294</string>
			<key>isa</key>
			<string>PBXBuildFile</string>
		</dict>
		<key>615B463D1028E4E24B674CF7</key>
		<dict>
			<key>children</key>
			<array>
				<string>4E783A9E10D2A8ABA38CD11C</string>
				<string>F3359894334AE5458E1EAF3D</string>
			</array>
			<key>isa</key>
			<string>PBXGroup</string>
			<key>name</key>
			<string>Products</string>
			<key>sourceTree</key>
			<string>&lt;group&gt;</string>
		</dict>
		<key>64295C4D4D3565477B824E91</key>
		<dict>
			<key>fileRef</key>
			<string>98D853092126DB13B6C919BC</string>
			<key>isa</key>
			<string>PBXBuildFile</string>
		</dict>
		<key>6650A2B5E24FA7522CE6B81C</key>
		<dict>
			<key>buildConfigurations</key>
			<array>
				<string>96316AF13F45443E4E9C4BA0</string>
			</array>
			<key>defaultConfigurationIsVisible</key>
			<string>0</string>
			<key>defaultConfigurationName</key>
			<string>Debug</string>
			<key>isa</key>
			<string>XCConfigurationList</string>
		</dict>
		<key>678242BC27266659EA95504B</key>
		<dict>
			<key>buildConfigurations</key>
			<array>
				<string>293A8D0D028AEA146284FF0E</string>
			</array>
			<key>defaultConfigurationIsVisible</key>
			<string>0</string>
			<key>defaultConfigurationName</key>
			<string>Debug</string>
			<key>isa</key>
			<string>XCConfigurationList</string>
		</dict>
		<key>6ACF62829EDD502F8F9A04E2</key>
		<dict>
			<key>fileRef</key>
			<string>D862465F8D0448506145A948</string>
			<key>isa</key>
			<string>PBXBuildFile</string>
		</dict>
		<key>6B8DF457004DDCB5B616420C</key>
		<dict>
			<key>fileRef</key>
			<string>F3359894334AE5458E1EAF3D</string>
			<key>isa</key>
			<string>PBXBuildFile</string>
			<key>settings</key>
			<dict>
				<key>ATTRIBUTES</key>
				<array>
					<string>RemoveHeadersOnCopy</string>
				</array>
			</dict>
		</dict>
		<key>7F75B3B3E86711343C3F1818</key>
		<dict>
			<key>buildActionMask</key>
			<string>2147483647</string>
			<key>files</key>
			<array>
				<string>FBC8962A20FCFC70860AF90B</string>
			</array>
			<key>isa</key>
			<string>PBXResourcesBuildPhase</string>
			<key>runOnlyForDeploymentPostprocessing</key>
			<string>0</string>
		</dict>
		<key>870B3294C0CBD48AF6BBCC1B</key>
		<dict>
			<key>children</key>
			<array>
				<string>8BDA18653FDDBF979920A9EC</string>
				<string>BE57B9F4A243F5018E60CA6E</string>
				<string>98D853092126DB13B6C919BC</string>
				<string>C6E5D22731765E8006964294</string>
				<string>D862465F8D0448506145A948</string>
				<string>E524116240FF434B138A3050</string>
				<string>3CE504D88A5D31FC7ECBA5C1</string>
				<string>58323134247D9C08B48ED5B9</string>
				<string>91CF88B9982F810D246E3FC3</string>
				<string>92A08A08B481D643124284BA</string>
			</array>
			<key>isa</key>
			<string>PBXGroup</string>
			<key>sourceTree</key>
			<string>&lt;group&gt;</string>
		</dict>
		<key>8BDA18653FDDBF979920A9EC</key>
		<dict>
			<key>isa</key>
			<string>PBXFileReference</string>
			<key>lastKnownFileType</key>
			<string>sourcecode.swift</string>
			<key>path</key>
			<string>Probe.swift</string>
			<key>sourceTree</key>
			<string>&lt;group&gt;</string>
		</dict>
		<key>91CF88B9982F810D246E3FC3</key>
		<dict>
			<key>isa</key>
			<string>PBXFileReference</string>
			<key>lastKnownFileType</key>
			<string>text.plist.xml</string>
			<key>path</key>
			<string>ExtensionInfo.plist</string>
			<key>sourceTree</key>
			<string>&lt;group&gt;</string>
		</dict>
		<key>92A08A08B481D643124284BA</key>
		<dict>
			<key>isa</key>
			<string>PBXFileReference</string>
			<key>lastKnownFileType</key>
			<string>text.plist.xml</string>
			<key>path</key>
			<string>Extension.entitlements</string>
			<key>sourceTree</key>
			<string>&lt;group&gt;</string>
		</dict>
		<key>96316AF13F45443E4E9C4BA0</key>
		<dict>
			<key>buildSettings</key>
			<dict>
				<key>CLANG_ENABLE_MODULES</key>
				<string>YES</string>
				<key>CODE_SIGN_IDENTITY</key>
				<string>-</string>
				<key>CODE_SIGN_STYLE</key>
				<string>Manual</string>
				<key>MACOSX_DEPLOYMENT_TARGET</key>
				<string>26.0</string>
				<key>SDKROOT</key>
				<string>macosx</string>
				<key>SWIFT_VERSION</key>
				<string>5.0</string>
			</dict>
			<key>isa</key>
			<string>XCBuildConfiguration</string>
			<key>name</key>
			<string>Debug</string>
		</dict>
		<key>98D853092126DB13B6C919BC</key>
		<dict>
			<key>isa</key>
			<string>PBXFileReference</string>
			<key>lastKnownFileType</key>
			<string>sourcecode.swift</string>
			<key>path</key>
			<string>SettingsProvider.swift</string>
			<key>sourceTree</key>
			<string>&lt;group&gt;</string>
		</dict>
		<key>98F54143AB4E86B28C3AFEE0</key>
		<dict>
			<key>attributes</key>
			<dict>
				<key>LastUpgradeCheck</key>
				<string>2660</string>
			</dict>
			<key>buildConfigurationList</key>
			<string>6650A2B5E24FA7522CE6B81C</string>
			<key>compatibilityVersion</key>
			<string>Xcode 16.0</string>
			<key>developmentRegion</key>
			<string>en</string>
			<key>hasScannedForEncodings</key>
			<string>0</string>
			<key>isa</key>
			<string>PBXProject</string>
			<key>knownRegions</key>
			<array>
				<string>en</string>
			</array>
			<key>mainGroup</key>
			<string>870B3294C0CBD48AF6BBCC1B</string>
			<key>productRefGroup</key>
			<string>615B463D1028E4E24B674CF7</string>
			<key>projectDirPath</key>
			<string></string>
			<key>projectRoot</key>
			<string></string>
			<key>targets</key>
			<array>
				<string>D2D7B15FCB42E16819447AB8</string>
				<string>AE9F87E68F16211809669C65</string>
			</array>
		</dict>
		<key>A3A912895CD545B927F7E8AB</key>
		<dict>
			<key>isa</key>
			<string>PBXTargetDependency</string>
			<key>target</key>
			<string>AE9F87E68F16211809669C65</string>
			<key>targetProxy</key>
			<string>ED23CF269EF9433DC734C14B</string>
		</dict>
		<key>AE9F87E68F16211809669C65</key>
		<dict>
			<key>buildConfigurationList</key>
			<string>678242BC27266659EA95504B</string>
			<key>buildPhases</key>
			<array>
				<string>01F040523805F915B532574A</string>
				<string>7F75B3B3E86711343C3F1818</string>
			</array>
			<key>buildRules</key>
			<array/>
			<key>dependencies</key>
			<array/>
			<key>isa</key>
			<string>PBXNativeTarget</string>
			<key>name</key>
			<string>NativeGeometryProbe</string>
			<key>productName</key>
			<string>NativeGeometryProbe</string>
			<key>productReference</key>
			<string>F3359894334AE5458E1EAF3D</string>
			<key>productType</key>
			<string>com.apple.product-type.app-extension</string>
		</dict>
		<key>BE57B9F4A243F5018E60CA6E</key>
		<dict>
			<key>isa</key>
			<string>PBXFileReference</string>
			<key>lastKnownFileType</key>
			<string>sourcecode.swift</string>
			<key>path</key>
			<string>CodableShims.swift</string>
			<key>sourceTree</key>
			<string>&lt;group&gt;</string>
		</dict>
		<key>C1463747DDEB381844EC7586</key>
		<dict>
			<key>fileRef</key>
			<string>BE57B9F4A243F5018E60CA6E</string>
			<key>isa</key>
			<string>PBXBuildFile</string>
		</dict>
		<key>C6E5D22731765E8006964294</key>
		<dict>
			<key>isa</key>
			<string>PBXFileReference</string>
			<key>lastKnownFileType</key>
			<string>sourcecode.swift</string>
			<key>path</key>
			<string>RuntimeHelpers.swift</string>
			<key>sourceTree</key>
			<string>&lt;group&gt;</string>
		</dict>
		<key>D2D7B15FCB42E16819447AB8</key>
		<dict>
			<key>buildConfigurationList</key>
			<string>187E20AA4848CB168362643F</string>
			<key>buildPhases</key>
			<array>
				<string>3B2981CD44B4D7B6E44A9773</string>
				<string>5CA0324C1B17366AF65F026D</string>
			</array>
			<key>buildRules</key>
			<array/>
			<key>dependencies</key>
			<array>
				<string>A3A912895CD545B927F7E8AB</string>
			</array>
			<key>isa</key>
			<string>PBXNativeTarget</string>
			<key>name</key>
			<string>NativeGeometryProbeHost</string>
			<key>productName</key>
			<string>Native Geometry Probe Host</string>
			<key>productReference</key>
			<string>4E783A9E10D2A8ABA38CD11C</string>
			<key>productType</key>
			<string>com.apple.product-type.application</string>
		</dict>
		<key>D862465F8D0448506145A948</key>
		<dict>
			<key>isa</key>
			<string>PBXFileReference</string>
			<key>lastKnownFileType</key>
			<string>sourcecode.c.objc</string>
			<key>path</key>
			<string>../routing-probe/Host.m</string>
			<key>sourceTree</key>
			<string>&lt;group&gt;</string>
		</dict>
		<key>E524116240FF434B138A3050</key>
		<dict>
			<key>isa</key>
			<string>PBXFileReference</string>
			<key>lastKnownFileType</key>
			<string>image.png</string>
			<key>path</key>
			<string>reference.png</string>
			<key>sourceTree</key>
			<string>&lt;group&gt;</string>
		</dict>
		<key>ED23CF269EF9433DC734C14B</key>
		<dict>
			<key>containerPortal</key>
			<string>98F54143AB4E86B28C3AFEE0</string>
			<key>isa</key>
			<string>PBXContainerItemProxy</string>
			<key>proxyType</key>
			<string>1</string>
			<key>remoteGlobalIDString</key>
			<string>AE9F87E68F16211809669C65</string>
			<key>remoteInfo</key>
			<string>NativeGeometryProbe</string>
		</dict>
		<key>F3359894334AE5458E1EAF3D</key>
		<dict>
			<key>explicitFileType</key>
			<string>wrapper.app-extension</string>
			<key>includeInIndex</key>
			<string>0</string>
			<key>isa</key>
			<string>PBXFileReference</string>
			<key>path</key>
			<string>NativeGeometryProbe.appex</string>
			<key>sourceTree</key>
			<string>BUILT_PRODUCTS_DIR</string>
		</dict>
		<key>FBC8962A20FCFC70860AF90B</key>
		<dict>
			<key>fileRef</key>
			<string>E524116240FF434B138A3050</string>
			<key>isa</key>
			<string>PBXBuildFile</string>
		</dict>
	</dict>
	<key>rootObject</key>
	<string>98F54143AB4E86B28C3AFEE0</string>
</dict>
</plist>
